PODS:
  - lottie-ios (2.5.3)
  - Protobuf (3.17.0)
  - SSZipArchive (2.4.2)
  - SVGAPlayer (2.5.7):
    - SVGAPlayer/Core (= 2.5.7)
    - SVGAPlayer/ProtoFiles (= 2.5.7)
  - SVGAPlayer/Core (2.5.7):
    - SSZipArchive (>= 1.8.1)
    - SVGAPlayer/ProtoFiles
  - SVGAPlayer/ProtoFiles (2.5.7):
    - Protobuf (~> 3.4)

DEPENDENCIES:
  - lottie-ios (~> 2.5.3)
  - Protobuf (~> 3.17.0)
  - SVGAPlayer (~> 2.3)

SPEC REPOS:
  https://github.com/CocoaPods/Specs.git:
    - lottie-ios
    - Protobuf
    - SSZipArchive
    - SVGAPlayer

SPEC CHECKSUMS:
  lottie-ios: a50d5c0160425cd4b01b852bb9578963e6d92d31
  Protobuf: 7327d4444215b5f18e560a97f879ff5503c4581c
  SSZipArchive: e7b4f3d9e780c2acc1764cd88fbf2de28f26e5b2
  SVGAPlayer: 318b85a78b61292d6ae9dfcd651f3f0d1cdadd86

PODFILE CHECKSUM: a9a5dd33867fbdc275aaaa1d244e3aff2119c68e

COCOAPODS: 1.11.2
